
Microsoft Visual Studio Solution File, Format Version 12.00
# Visual Studio 15
VisualStudioVersion = 15.0.27428.1
MinimumVisualStudioVersion = 10.0.40219.1
Project("{FAE04EC0-301F-11D3-BF4B-00C04F79EFBC}") = "ProgrammingTest", "ProgrammingTest\ProgrammingTest.csproj", "{7B249611-772C-49FB-86B2-077B84CBE007}"
EndProject
Project("{FAE04EC0-301F-11D3-BF4B-00C04F79EFBC}") = "ProgrammingTest.Tests", "ProgrammingTest.Tests\ProgrammingTest.Tests.csproj", "{0765B03F-2BDC-4992-9BA0-5C21AD082A02}"
EndProject
Global
	GlobalSection(SolutionConfigurationPlatforms) = preSolution
		Debug|Any CPU = Debug|Any CPU
		Release|Any CPU = Release|Any CPU
	EndGlobalSection
	GlobalSection(ProjectConfigurationPlatforms) = postSolution
		{7B249611-772C-49FB-86B2-077B84CBE007}.Debug|Any CPU.ActiveCfg = Debug|Any CPU
		{7B249611-772C-49FB-86B2-077B84CBE007}.Debug|Any CPU.Build.0 = Debug|Any CPU
		{7B249611-772C-49FB-86B2-077B84CBE007}.Release|Any CPU.ActiveCfg = Release|Any CPU
		{7B249611-772C-49FB-86B2-077B84CBE007}.Release|Any CPU.Build.0 = Release|Any CPU
		{0765B03F-2BDC-4992-9BA0-5C21AD082A02}.Debug|Any CPU.ActiveCfg = Debug|Any CPU
		{0765B03F-2BDC-4992-9BA0-5C21AD082A02}.Debug|Any CPU.Build.0 = Debug|Any CPU
		{0765B03F-2BDC-4992-9BA0-5C21AD082A02}.Release|Any CPU.ActiveCfg = Release|Any CPU
		{0765B03F-2BDC-4992-9BA0-5C21AD082A02}.Release|Any CPU.Build.0 = Release|Any CPU
	EndGlobalSection
	GlobalSection(SolutionProperties) = preSolution
		HideSolutionNode = FALSE
	EndGlobalSection
	GlobalSection(ExtensibilityGlobals) = postSolution
		SolutionGuid = {A493C48F-6EA0-4285-B4B9-0B4D24FACE39}
	EndGlobalSection
EndGlobal
